// !$*UTF8*$!
{
	archiveVersion = 1;
	classes = {
	};
	objectVersion = 46;
	objects = {

/* Begin PBXBuildFile section */
		7E5CDA11A8AF9676363B4859 /* libPods-FMYGirl9.a in Frameworks */ = {isa = PBXBuildFile; fileRef = 5CB314E124DF2D6E3EB94C6B /* libPods-FMYGirl9.a */; };
		8E1BC1D21E45AA0100F868C1 /* FMYOCBaseViewController.m in Sources */ = {isa = PBXBuildFile; fileRef = 8E1BC1D11E45AA0100F868C1 /* FMYOCBaseViewController.m */; };
		8E1BC1D61E45ABA000F868C1 /* FMYCoreDataViewController.m in Sources */ = {isa = PBXBuildFile; fileRef = 8E1BC1D51E45ABA000F868C1 /* FMYCoreDataViewController.m */; };
		8E1BC1D91E45ABAD00F868C1 /* FMYSqliteViewController.m in Sources */ = {isa = PBXBuildFile; fileRef = 8E1BC1D81E45ABAD00F868C1 /* FMYSqliteViewController.m */; };
		8E1BC1DC1E45ABBA00F868C1 /* FMYDataStoreViewController.m in Sources */ = {isa = PBXBuildFile; fileRef = 8E1BC1DB1E45ABBA00F868C1 /* FMYDataStoreViewController.m */; };
		8E1BC1DE1E45AD3500F868C1 /* dataStore.md in Sources */ = {isa = PBXBuildFile; fileRef = 8E1BC1DD1E45AD3500F868C1 /* dataStore.md */; };
		8E1BC1E21E45AEA200F868C1 /* FMYUtils.m in Sources */ = {isa = PBXBuildFile; fileRef = 8E1BC1E11E45AEA200F868C1 /* FMYUtils.m */; };
		8E1BC1E51E45B26A00F868C1 /* FMYDBManager.m in Sources */ = {isa = PBXBuildFile; fileRef = 8E1BC1E41E45B26A00F868C1 /* FMYDBManager.m */; };
		8E1BC1E71E45B9EA00F868C1 /* libsqlite3.tbd in Frameworks */ = {isa = PBXBuildFile; fileRef = 8E1BC1E61E45B9EA00F868C1 /* libsqlite3.tbd */; };
		8E1BC1EB1E49AEF100F868C1 /* FMYBezierViewController.m in Sources */ = {isa = PBXBuildFile; fileRef = 8E1BC1EA1E49AEF100F868C1 /* FMYBezierViewController.m */; };
		8E1BC1F01E49B1BB00F868C1 /* Control_BezierPath.m in Sources */ = {isa = PBXBuildFile; fileRef = 8E1BC1ED1E49B1BB00F868C1 /* Control_BezierPath.m */; };
		8E1BC1F11E49B1BB00F868C1 /* ControlBezierPlat.m in Sources */ = {isa = PBXBuildFile; fileRef = 8E1BC1EF1E49B1BB00F868C1 /* ControlBezierPlat.m */; };
		8E1BC1F41E49B56600F868C1 /* FMYBottomView.m in Sources */ = {isa = PBXBuildFile; fileRef = 8E1BC1F31E49B56600F868C1 /* FMYBottomView.m */; };
		8E1BC1F61E49BECE00F868C1 /* fmywplist.plist in Resources */ = {isa = PBXBuildFile; fileRef = 8E1BC1F51E49BECE00F868C1 /* fmywplist.plist */; };
		8E2F0D181E35D63A000394D8 /* FMYRuntimePropertiesViewController.m in Sources */ = {isa = PBXBuildFile; fileRef = 8E2F0D171E35D63A000394D8 /* FMYRuntimePropertiesViewController.m */; };
		8E2F0D1B1E35DE14000394D8 /* FMYChinese.m in Sources */ = {isa = PBXBuildFile; fileRef = 8E2F0D1A1E35DE14000394D8 /* FMYChinese.m */; };
		8E2F0D211E36FA9B000394D8 /* NSObject+FMY.m in Sources */ = {isa = PBXBuildFile; fileRef = 8E2F0D201E36FA9B000394D8 /* NSObject+FMY.m */; };
		8E2F0D231E37292C000394D8 /* runtime.md in Sources */ = {isa = PBXBuildFile; fileRef = 8E2F0D221E37292C000394D8 /* runtime.md */; };
		8E2F0D281E3750EA000394D8 /* FMYUITableViewController.m in Sources */ = {isa = PBXBuildFile; fileRef = 8E2F0D271E3750EA000394D8 /* FMYUITableViewController.m */; };
		8E2F0D2B1E37515A000394D8 /* FMYLayoutConstraintViewController.m in Sources */ = {isa = PBXBuildFile; fileRef = 8E2F0D2A1E37515A000394D8 /* FMYLayoutConstraintViewController.m */; };
		8E2F0D2D1E37634B000394D8 /* uiabout.md in Sources */ = {isa = PBXBuildFile; fileRef = 8E2F0D2C1E37634B000394D8 /* uiabout.md */; };
		8E2F0D301E384A1F000394D8 /* FMYRuntimeMsgSendViewController.m in Sources */ = {isa = PBXBuildFile; fileRef = 8E2F0D2F1E384A1E000394D8 /* FMYRuntimeMsgSendViewController.m */; };
		8E2F0D331E38861B000394D8 /* FMYRuntimeNormalCaseViewController.m in Sources */ = {isa = PBXBuildFile; fileRef = 8E2F0D321E38861B000394D8 /* FMYRuntimeNormalCaseViewController.m */; };
		8E2F0D361E3899CA000394D8 /* FMYMovie.m in Sources */ = {isa = PBXBuildFile; fileRef = 8E2F0D351E3899CA000394D8 /* FMYMovie.m */; };
		8E2F0D3C1E389E4F000394D8 /* FMYChinese+Lishanyin.m in Sources */ = {isa = PBXBuildFile; fileRef = 8E2F0D3B1E389E4F000394D8 /* FMYChinese+Lishanyin.m */; };
		8E2F0D401E38B49E000394D8 /* FMYMKWebViewController.m in Sources */ = {isa = PBXBuildFile; fileRef = 8E2F0D3F1E38B49E000394D8 /* FMYMKWebViewController.m */; };
		8E2F0D431E38B4CE000394D8 /* WeakDelegate.m in Sources */ = {isa = PBXBuildFile; fileRef = 8E2F0D421E38B4CE000394D8 /* WeakDelegate.m */; };
		8E2F0D461E38B66A000394D8 /* FMYUIWebViewController.m in Sources */ = {isa = PBXBuildFile; fileRef = 8E2F0D451E38B66A000394D8 /* FMYUIWebViewController.m */; };
		8E2F0D4B1E38B77F000394D8 /* uiweb.html in Resources */ = {isa = PBXBuildFile; fileRef = 8E2F0D491E38B77F000394D8 /* uiweb.html */; };
		8E2F0D4C1E38B77F000394D8 /* mkweb.html in Resources */ = {isa = PBXBuildFile; fileRef = 8E2F0D4A1E38B77F000394D8 /* mkweb.html */; };
		8E2F0D4F1E38BA50000394D8 /* data_xml in Resources */ = {isa = PBXBuildFile; fileRef = 8E2F0D4E1E38BA50000394D8 /* data_xml */; };
		8E8DBA011EB1F682004CBA9C /* FMYClangllvmViewController.m in Sources */ = {isa = PBXBuildFile; fileRef = 8E8DBA001EB1F682004CBA9C /* FMYClangllvmViewController.m */; };
		8E8DBA041EB1F86E004CBA9C /* FMYClangLLVMInfoViewController.m in Sources */ = {isa = PBXBuildFile; fileRef = 8E8DBA031EB1F86E004CBA9C /* FMYClangLLVMInfoViewController.m */; };
		8EB295AF1E81082A00EF936B /* FMYBannersTableViewController.m in Sources */ = {isa = PBXBuildFile; fileRef = 8EB295AE1E81082A00EF936B /* FMYBannersTableViewController.m */; };
		8EB295B21E81163E00EF936B /* FMYBannnerView.m in Sources */ = {isa = PBXBuildFile; fileRef = 8EB295B11E81163E00EF936B /* FMYBannnerView.m */; };
		8EB295BD1E8367B900EF936B /* FMYTableListViewController.m in Sources */ = {isa = PBXBuildFile; fileRef = 8EB295BC1E8367B900EF936B /* FMYTableListViewController.m */; };
		8EB295C01E8367F000EF936B /* FMYTableScrollViewController.m in Sources */ = {isa = PBXBuildFile; fileRef = 8EB295BF1E8367F000EF936B /* FMYTableScrollViewController.m */; };
		8EB295DA1E8A376400EF936B /* FMYCollectionViewController.m in Sources */ = {isa = PBXBuildFile; fileRef = 8EB295D91E8A376400EF936B /* FMYCollectionViewController.m */; };
		8EB295DE1E8BA64800EF936B /* NetworkExtension.framework in Frameworks */ = {isa = PBXBuildFile; fileRef = 8EB295DD1E8BA64800EF936B /* NetworkExtension.framework */; };
		8EB295E01E8BA72600EF936B /* SystemConfiguration.framework in Frameworks */ = {isa = PBXBuildFile; fileRef = 8EB295DF1E8BA72600EF936B /* SystemConfiguration.framework */; };
		8EE66C851E8CAD7400E56AFD /* FMYCollectionViewCell.m in Sources */ = {isa = PBXBuildFile; fileRef = 8EE66C841E8CAD7400E56AFD /* FMYCollectionViewCell.m */; };
		8EE66C8B1E8CE47600E56AFD /* FMYCollectionReusableView.m in Sources */ = {isa = PBXBuildFile; fileRef = 8EE66C8A1E8CE47600E56AFD /* FMYCollectionReusableView.m */; };
		8EE66C921E8F891200E56AFD /* FMYMediaViewController.m in Sources */ = {isa = PBXBuildFile; fileRef = 8EE66C911E8F891200E56AFD /* FMYMediaViewController.m */; };
		8EE66C961E8F89D900E56AFD /* FMYAVPlayerViewController.m in Sources */ = {isa = PBXBuildFile; fileRef = 8EE66C951E8F89D900E56AFD /* FMYAVPlayerViewController.m */; };
		8EE66C981E8F8BD500E56AFD /* AVFoundation.framework in Frameworks */ = {isa = PBXBuildFile; fileRef = 8EE66C971E8F8BD500E56AFD /* AVFoundation.framework */; };
		8EE66CA61E94CEF800E56AFD /* FMYYSDQViewController.m in Sources */ = {isa = PBXBuildFile; fileRef = 8EE66CA51E94CEF800E56AFD /* FMYYSDQViewController.m */; };
		8EE66CAA1E94CF5100E56AFD /* FMYYSDQDetailViewController.m in Sources */ = {isa = PBXBuildFile; fileRef = 8EE66CA91E94CF5100E56AFD /* FMYYSDQDetailViewController.m */; };
		8EE66CAD1E94E20800E56AFD /* FMYDetailBarView.m in Sources */ = {isa = PBXBuildFile; fileRef = 8EE66CAC1E94E20800E56AFD /* FMYDetailBarView.m */; };
		8EE66CB01E94E70000E56AFD /* FMYYSDQDetailInfoCell.m in Sources */ = {isa = PBXBuildFile; fileRef = 8EE66CAF1E94E70000E56AFD /* FMYYSDQDetailInfoCell.m */; };
		8EE66CB41E95E32100E56AFD /* FMYCoreTextViewController.m in Sources */ = {isa = PBXBuildFile; fileRef = 8EE66CB31E95E32100E56AFD /* FMYCoreTextViewController.m */; };
		8EE66CB71E95E3AC00E56AFD /* FMYCoreTextShowViewController.m in Sources */ = {isa = PBXBuildFile; fileRef = 8EE66CB61E95E3AC00E56AFD /* FMYCoreTextShowViewController.m */; };
		8EE66CBA1E95E41B00E56AFD /* FMYCoreTextView.m in Sources */ = {isa = PBXBuildFile; fileRef = 8EE66CB91E95E41B00E56AFD /* FMYCoreTextView.m */; };
		8EE66CBE1E96177800E56AFD /* FMYButton+FMY.m in Sources */ = {isa = PBXBuildFile; fileRef = 8EE66CBD1E96177800E56AFD /* FMYButton+FMY.m */; };
		8EE66CC11E96226C00E56AFD /* ysdqimgIcon.xcassets in Resources */ = {isa = PBXBuildFile; fileRef = 8EE66CC01E96226C00E56AFD /* ysdqimgIcon.xcassets */; };
		8EE66CC41E97395D00E56AFD /* FMYDetailSiteDrawer.m in Sources */ = {isa = PBXBuildFile; fileRef = 8EE66CC31E97395D00E56AFD /* FMYDetailSiteDrawer.m */; };
		8EE66CF91E9C824000E56AFD /* DQDetailEpisodesCollectionViewCell.m in Sources */ = {isa = PBXBuildFile; fileRef = 8EE66CF81E9C824000E56AFD /* DQDetailEpisodesCollectionViewCell.m */; };
		8EE66CFC1E9C88D200E56AFD /* DQDetailEpisodesPlatView.m in Sources */ = {isa = PBXBuildFile; fileRef = 8EE66CFB1E9C88D200E56AFD /* DQDetailEpisodesPlatView.m */; };
		8EE66CFF1E9C8A4F00E56AFD /* DQPlatCollectionView.m in Sources */ = {isa = PBXBuildFile; fileRef = 8EE66CFE1E9C8A4F00E56AFD /* DQPlatCollectionView.m */; };
		8EE66D021E9C978000E56AFD /* DQPlatCollectionViewCell.m in Sources */ = {isa = PBXBuildFile; fileRef = 8EE66D011E9C978000E56AFD /* DQPlatCollectionViewCell.m */; };
		8EE66D3D1E9E0AD500E56AFD /* DQEpisodesGroupBarView.m in Sources */ = {isa = PBXBuildFile; fileRef = 8EE66D3C1E9E0AD400E56AFD /* DQEpisodesGroupBarView.m */; };
		8EFE49701E34B1BE00B2513A /* main.m in Sources */ = {isa = PBXBuildFile; fileRef = 8EFE496F1E34B1BE00B2513A /* main.m */; };
		8EFE49731E34B1BE00B2513A /* AppDelegate.m in Sources */ = {isa = PBXBuildFile; fileRef = 8EFE49721E34B1BE00B2513A /* AppDelegate.m */; };
		8EFE49761E34B1BE00B2513A /* ViewController.m in Sources */ = {isa = PBXBuildFile; fileRef = 8EFE49751E34B1BE00B2513A /* ViewController.m */; };
		8EFE49791E34B1BE00B2513A /* Main.storyboard in Resources */ = {isa = PBXBuildFile; fileRef = 8EFE49771E34B1BE00B2513A /* Main.storyboard */; };
		8EFE497B1E34B1BE00B2513A /* Assets.xcassets in Resources */ = {isa = PBXBuildFile; fileRef = 8EFE497A1E34B1BE00B2513A /* Assets.xcassets */; };
		8EFE497E1E34B1BE00B2513A /* LaunchScreen.storyboard in Resources */ = {isa = PBXBuildFile; fileRef = 8EFE497C1E34B1BE00B2513A /* LaunchScreen.storyboard */; };
		8EFE49881E34B20E00B2513A /* FMYObject.m in Sources */ = {isa = PBXBuildFile; fileRef = 8EFE49871E34B20E00B2513A /* FMYObject.m */; };
		8EFE498B1E34B22C00B2513A /* FMYViewController.m in Sources */ = {isa = PBXBuildFile; fileRef = 8EFE498A1E34B22C00B2513A /* FMYViewController.m */; };
		8EFE498E1E34B23B00B2513A /* FMYTableViewCell.m in Sources */ = {isa = PBXBuildFile; fileRef = 8EFE498D1E34B23B00B2513A /* FMYTableViewCell.m */; };
		8EFE49911E34B25300B2513A /* FMYTableView.m in Sources */ = {isa = PBXBuildFile; fileRef = 8EFE49901E34B25300B2513A /* FMYTableView.m */; };
		8EFE49941E34B27000B2513A /* FMYButton.m in Sources */ = {isa = PBXBuildFile; fileRef = 8EFE49931E34B27000B2513A /* FMYButton.m */; };
		8EFE49971E34B27F00B2513A /* FMYLabel.m in Sources */ = {isa = PBXBuildFile; fileRef = 8EFE49961E34B27F00B2513A /* FMYLabel.m */; };
		8EFE499B1E34B2E400B2513A /* FMYNavigationController.m in Sources */ = {isa = PBXBuildFile; fileRef = 8EFE499A1E34B2E400B2513A /* FMYNavigationController.m */; };
		8EFE499E1E34B2FD00B2513A /* FMYTabBarController.m in Sources */ = {isa = PBXBuildFile; fileRef = 8EFE499D1E34B2FD00B2513A /* FMYTabBarController.m */; };
		8EFE49A51E34B39700B2513A /* FMYTableViewController.m in Sources */ = {isa = PBXBuildFile; fileRef = 8EFE49A41E34B39700B2513A /* FMYTableViewController.m */; };
		8EFE49AA1E34B4A300B2513A /* Readme.md in Sources */ = {isa = PBXBuildFile; fileRef = 8EFE49A91E34B4A300B2513A /* Readme.md */; };
		8EFE49B31E34BA9000B2513A /* UIView+Positioning.m in Sources */ = {isa = PBXBuildFile; fileRef = 8EFE49B21E34BA9000B2513A /* UIView+Positioning.m */; };
		8EFE49B61E34BAC600B2513A /* UIView+NSLayout.m in Sources */ = {isa = PBXBuildFile; fileRef = 8EFE49B51E34BAC600B2513A /* UIView+NSLayout.m */; };
		8EFE49B91E34BAD000B2513A /* NSString+CN.m in Sources */ = {isa = PBXBuildFile; fileRef = 8EFE49B81E34BAD000B2513A /* NSString+CN.m */; };
		8EFE49BD1E34BB3000B2513A /* FMYPerson.m in Sources */ = {isa = PBXBuildFile; fileRef = 8EFE49BC1E34BB3000B2513A /* FMYPerson.m */; };
		8EFE49C01E34BB9900B2513A /* FMYRuntimTableViewController.m in Sources */ = {isa = PBXBuildFile; fileRef = 8EFE49BF1E34BB9900B2513A /* FMYRuntimTableViewController.m */; };
/* End PBXBuildFile section */

/* Begin PBXFileReference section */
		19745F210658F5ADC7745726 /* Pods-FMYGirl9.debug.xcconfig */ = {isa = PBXFileReference; includeInIndex = 1; lastKnownFileType = text.xcconfig; name = "Pods-FMYGirl9.debug.xcconfig"; path = "Pods/Target Support Files/Pods-FMYGirl9/Pods-FMYGirl9.debug.xcconfig"; sourceTree = "<group>"; };
		36C004A94CC27E86FCEA362D /* Pods-FMYGirl9.release.xcconfig */ = {isa = PBXFileReference; includeInIndex = 1; lastKnownFileType = text.xcconfig; name = "Pods-FMYGirl9.release.xcconfig"; path = "Pods/Target Support Files/Pods-FMYGirl9/Pods-FMYGirl9.release.xcconfig"; sourceTree = "<group>"; };
		5CB314E124DF2D6E3EB94C6B /* libPods-FMYGirl9.a */ = {isa = PBXFileReference; explicitFileType = archive.ar; includeInIndex = 0; path = "libPods-FMYGirl9.a"; sourceTree = BUILT_PRODUCTS_DIR; };
		8E1BC1D01E45AA0100F868C1 /* FMYOCBaseViewController.h */ = {isa = PBXFileReference; fileEncoding = 4; lastKnownFileType = sourcecode.c.h; path = FMYOCBaseViewController.h; sourceTree = "<group>"; };
		8E1BC1D11E45AA0100F868C1 /* FMYOCBaseViewController.m */ = {isa = PBXFileReference; fileEncoding = 4; lastKnownFileType = sourcecode.c.objc; path = FMYOCBaseViewController.m; sourceTree = "<group>"; };
		8E1BC1D41E45ABA000F868C1 /* FMYCoreDataViewController.h */ = {isa = PBXFileReference; fileEncoding = 4; lastKnownFileType = sourcecode.c.h; path = FMYCoreDataViewController.h; sourceTree = "<group>"; };
		8E1BC1D51E45ABA000F868C1 /* FMYCoreDataViewController.m */ = {isa = PBXFileReference; fileEncoding = 4; lastKnownFileType = sourcecode.c.objc; path = FMYCoreDataViewController.m; sourceTree = "<group>"; };
		8E1BC1D71E45ABAD00F868C1 /* FMYSqliteViewController.h */ = {isa = PBXFileReference; fileEncoding = 4; lastKnownFileType = sourcecode.c.h; path = FMYSqliteViewController.h; sourceTree = "<group>"; };
		8E1BC1D81E45ABAD00F868C1 /* FMYSqliteViewController.m */ = {isa = PBXFileReference; fileEncoding = 4; lastKnownFileType = sourcecode.c.objc; path = FMYSqliteViewController.m; sourceTree = "<group>"; };
		8E1BC1DA1E45ABBA00F868C1 /* FMYDataStoreViewController.h */ = {isa = PBXFileReference; fileEncoding = 4; lastKnownFileType = sourcecode.c.h; path = FMYDataStoreViewController.h; sourceTree = "<group>"; };
		8E1BC1DB1E45ABBA00F868C1 /* FMYDataStoreViewController.m */ = {isa = PBXFileReference; fileEncoding = 4; lastKnownFileType = sourcecode.c.objc; path = FMYDataStoreViewController.m; sourceTree = "<group>"; };
		8E1BC1DD1E45AD3500F868C1 /* dataStore.md */ = {isa = PBXFileReference; fileEncoding = 4; lastKnownFileType = net.daringfireball.markdown; path = dataStore.md; sourceTree = "<group>"; };
		8E1BC1E01E45AEA200F868C1 /* FMYUtils.h */ = {isa = PBXFileReference; fileEncoding = 4; lastKnownFileType = sourcecode.c.h; path = FMYUtils.h; sourceTree = "<group>"; };
		8E1BC1E11E45AEA200F868C1 /* FMYUtils.m */ = {isa = PBXFileReference; fileEncoding = 4; lastKnownFileType = sourcecode.c.objc; path = FMYUtils.m; sourceTree = "<group>"; };
		8E1BC1E31E45B26A00F868C1 /* FMYDBManager.h */ = {isa = PBXFileReference; fileEncoding = 4; lastKnownFileType = sourcecode.c.h; path = FMYDBManager.h; sourceTree = "<group>"; };
		8E1BC1E41E45B26A00F868C1 /* FMYDBManager.m */ = {isa = PBXFileReference; fileEncoding = 4; lastKnownFileType = sourcecode.c.objc; path = FMYDBManager.m; sourceTree = "<group>"; };
		8E1BC1E61E45B9EA00F868C1 /* libsqlite3.tbd */ = {isa = PBXFileReference; lastKnownFileType = "sourcecode.text-based-dylib-definition"; name = libsqlite3.tbd; path = usr/lib/libsqlite3.tbd; sourceTree = SDKROOT; };
		8E1BC1E91E49AEF100F868C1 /* FMYBezierViewController.h */ = {isa = PBXFileReference; fileEncoding = 4; lastKnownFileType = sourcecode.c.h; path = FMYBezierViewController.h; sourceTree = "<group>"; };
		8E1BC1EA1E49AEF100F868C1 /* FMYBezierViewController.m */ = {isa = PBXFileReference; fileEncoding = 4; lastKnownFileType = sourcecode.c.objc; path = FMYBezierViewController.m; sourceTree = "<group>"; };
		8E1BC1EC1E49B1BB00F868C1 /* Control_BezierPath.h */ = {isa = PBXFileReference; fileEncoding = 4; lastKnownFileType = sourcecode.c.h; path = Control_BezierPath.h; sourceTree = "<group>"; };
		8E1BC1ED1E49B1BB00F868C1 /* Control_BezierPath.m */ = {isa = PBXFileReference; fileEncoding = 4; lastKnownFileType = sourcecode.c.objc; path = Control_BezierPath.m; sourceTree = "<group>"; };
		8E1BC1EE1E49B1BB00F868C1 /* ControlBezierPlat.h */ = {isa = PBXFileReference; fileEncoding = 4; lastKnownFileType = sourcecode.c.h; path = ControlBezierPlat.h; sourceTree = "<group>"; };
		8E1BC1EF1E49B1BB00F868C1 /* ControlBezierPlat.m */ = {isa = PBXFileReference; fileEncoding = 4; lastKnownFileType = sourcecode.c.objc; path = ControlBezierPlat.m; sourceTree = "<group>"; };
		8E1BC1F21E49B56500F868C1 /* FMYBottomView.h */ = {isa = PBXFileReference; fileEncoding = 4; lastKnownFileType = sourcecode.c.h; path = FMYBottomView.h; sourceTree = "<group>"; };
		8E1BC1F31E49B56600F868C1 /* FMYBottomView.m */ = {isa = PBXFileReference; fileEncoding = 4; lastKnownFileType = sourcecode.c.objc; path = FMYBottomView.m; sourceTree = "<group>"; };
		8E1BC1F51E49BECE00F868C1 /* fmywplist.plist */ = {isa = PBXFileReference; fileEncoding = 4; lastKnownFileType = text.plist.xml; path = fmywplist.plist; sourceTree = "<group>"; };
		8E2F0D161E35D63A000394D8 /* FMYRuntimePropertiesViewController.h */ = {isa = PBXFileReference; fileEncoding = 4; lastKnownFileType = sourcecode.c.h; path = FMYRuntimePropertiesViewController.h; sourceTree = "<group>"; };
		8E2F0D171E35D63A000394D8 /* FMYRuntimePropertiesViewController.m */ = {isa = PBXFileReference; fileEncoding = 4; lastKnownFileType = sourcecode.c.objc; path = FMYRuntimePropertiesViewController.m; sourceTree = "<group>"; };
		8E2F0D191E35DE14000394D8 /* FMYChinese.h */ = {isa = PBXFileReference; fileEncoding = 4; lastKnownFileType = sourcecode.c.h; path = FMYChinese.h; sourceTree = "<group>"; };
		8E2F0D1A1E35DE14000394D8 /* FMYChinese.m */ = {isa = PBXFileReference; fileEncoding = 4; lastKnownFileType = sourcecode.c.objc; path = FMYChinese.m; sourceTree = "<group>"; };
		8E2F0D1F1E36FA9B000394D8 /* NSObject+FMY.h */ = {isa = PBXFileReference; fileEncoding = 4; lastKnownFileType = sourcecode.c.h; path = "NSObject+FMY.h"; sourceTree = "<group>"; };
		8E2F0D201E36FA9B000394D8 /* NSObject+FMY.m */ = {isa = PBXFileReference; fileEncoding = 4; lastKnownFileType = sourcecode.c.objc; path = "NSObject+FMY.m"; sourceTree = "<group>"; };
		8E2F0D221E37292C000394D8 /* runtime.md */ = {isa = PBXFileReference; fileEncoding = 4; lastKnownFileType = net.daringfireball.markdown; path = runtime.md; sourceTree = "<group>"; };
		8E2F0D261E3750EA000394D8 /* FMYUITableViewController.h */ = {isa = PBXFileReference; fileEncoding = 4; lastKnownFileType = sourcecode.c.h; path = FMYUITableViewController.h; sourceTree = "<group>"; };
		8E2F0D271E3750EA000394D8 /* FMYUITableViewController.m */ = {isa = PBXFileReference; fileEncoding = 4; lastKnownFileType = sourcecode.c.objc; path = FMYUITableViewController.m; sourceTree = "<group>"; };
		8E2F0D291E37515A000394D8 /* FMYLayoutConstraintViewController.h */ = {isa = PBXFileReference; fileEncoding = 4; lastKnownFileType = sourcecode.c.h; path = FMYLayoutConstraintViewController.h; sourceTree = "<group>"; };
		8E2F0D2A1E37515A000394D8 /* FMYLayoutConstraintViewController.m */ = {isa = PBXFileReference; fileEncoding = 4; lastKnownFileType = sourcecode.c.objc; path = FMYLayoutConstraintViewController.m; sourceTree = "<group>"; };
		8E2F0D2C1E37634B000394D8 /* uiabout.md */ = {isa = PBXFileReference; fileEncoding = 4; lastKnownFileType = net.daringfireball.markdown; path = uiabout.md; sourceTree = "<group>"; };
		8E2F0D2E1E384A1E000394D8 /* FMYRuntimeMsgSendViewController.h */ = {isa = PBXFileReference; fileEncoding = 4; lastKnownFileType = sourcecode.c.h; path = FMYRuntimeMsgSendViewController.h; sourceTree = "<group>"; };
		8E2F0D2F1E384A1E000394D8 /* FMYRuntimeMsgSendViewController.m */ = {isa = PBXFileReference; fileEncoding = 4; lastKnownFileType = sourcecode.c.objc; path = FMYRuntimeMsgSendViewController.m; sourceTree = "<group>"; };
		8E2F0D311E38861B000394D8 /* FMYRuntimeNormalCaseViewController.h */ = {isa = PBXFileReference; fileEncoding = 4; lastKnownFileType = sourcecode.c.h; path = FMYRuntimeNormalCaseViewController.h; sourceTree = "<group>"; };
		8E2F0D321E38861B000394D8 /* FMYRuntimeNormalCaseViewController.m */ = {isa = PBXFileReference; fileEncoding = 4; lastKnownFileType = sourcecode.c.objc; path = FMYRuntimeNormalCaseViewController.m; sourceTree = "<group>"; };
		8E2F0D341E3899CA000394D8 /* FMYMovie.h */ = {isa = PBXFileReference; fileEncoding = 4; lastKnownFileType = sourcecode.c.h; path = FMYMovie.h; sourceTree = "<group>"; };
		8E2F0D351E3899CA000394D8 /* FMYMovie.m */ = {isa = PBXFileReference; fileEncoding = 4; lastKnownFileType = sourcecode.c.objc; path = FMYMovie.m; sourceTree = "<group>"; };
		8E2F0D3A1E389E4F000394D8 /* FMYChinese+Lishanyin.h */ = {isa = PBXFileReference; fileEncoding = 4; lastKnownFileType = sourcecode.c.h; path = "FMYChinese+Lishanyin.h"; sourceTree = "<group>"; };
		8E2F0D3B1E389E4F000394D8 /* FMYChinese+Lishanyin.m */ = {isa = PBXFileReference; fileEncoding = 4; lastKnownFileType = sourcecode.c.objc; path = "FMYChinese+Lishanyin.m"; sourceTree = "<group>"; };
		8E2F0D3E1E38B49E000394D8 /* FMYMKWebViewController.h */ = {isa = PBXFileReference; fileEncoding = 4; lastKnownFileType = sourcecode.c.h; path = FMYMKWebViewController.h; sourceTree = "<group>"; };
		8E2F0D3F1E38B49E000394D8 /* FMYMKWebViewController.m */ = {isa = PBXFileReference; fileEncoding = 4; lastKnownFileType = sourcecode.c.objc; path = FMYMKWebViewController.m; sourceTree = "<group>"; };
		8E2F0D411E38B4CE000394D8 /* WeakDelegate.h */ = {isa = PBXFileReference; fileEncoding = 4; lastKnownFileType = sourcecode.c.h; path = WeakDelegate.h; sourceTree = "<group>"; };
		8E2F0D421E38B4CE000394D8 /* WeakDelegate.m */ = {isa = PBXFileReference; fileEncoding = 4; lastKnownFileType = sourcecode.c.objc; path = WeakDelegate.m; sourceTree = "<group>"; };
		8E2F0D441E38B66A000394D8 /* FMYUIWebViewController.h */ = {isa = PBXFileReference; fileEncoding = 4; lastKnownFileType = sourcecode.c.h; path = FMYUIWebViewController.h; sourceTree = "<group>"; };
		8E2F0D451E38B66A000394D8 /* FMYUIWebViewController.m */ = {isa = PBXFileReference; fileEncoding = 4; lastKnownFileType = sourcecode.c.objc; path = FMYUIWebViewController.m; sourceTree = "<group>"; };
		8E2F0D491E38B77F000394D8 /* uiweb.html */ = {isa = PBXFileReference; fileEncoding = 4; lastKnownFileType = text.html; path = uiweb.html; sourceTree = "<group>"; };
		8E2F0D4A1E38B77F000394D8 /* mkweb.html */ = {isa = PBXFileReference; fileEncoding = 4; lastKnownFileType = text.html; path = mkweb.html; sourceTree = "<group>"; };
		8E2F0D4E1E38BA50000394D8 /* data_xml */ = {isa = PBXFileReference; fileEncoding = 4; lastKnownFileType = text.xml; path = data_xml; sourceTree = "<group>"; };
		8E8DB9FF1EB1F682004CBA9C /* FMYClangllvmViewController.h */ = {isa = PBXFileReference; fileEncoding = 4; lastKnownFileType = sourcecode.c.h; path = FMYClangllvmViewController.h; sourceTree = "<group>"; };
		8E8DBA001EB1F682004CBA9C /* FMYClangllvmViewController.m */ = {isa = PBXFileReference; fileEncoding = 4; lastKnownFileType = sourcecode.c.objc; path = FMYClangllvmViewController.m; sourceTree = "<group>"; };
		8E8DBA021EB1F86E004CBA9C /* FMYClangLLVMInfoViewController.h */ = {isa = PBXFileReference; fileEncoding = 4; lastKnownFileType = sourcecode.c.h; path = FMYClangLLVMInfoViewController.h; sourceTree = "<group>"; };
		8E8DBA031EB1F86E004CBA9C /* FMYClangLLVMInfoViewController.m */ = {isa = PBXFileReference; fileEncoding = 4; lastKnownFileType = sourcecode.c.objc; path = FMYClangLLVMInfoViewController.m; sourceTree = "<group>"; };
		8EB295AD1E81082A00EF936B /* FMYBannersTableViewController.h */ = {isa = PBXFileReference; fileEncoding = 4; lastKnownFileType = sourcecode.c.h; path = FMYBannersTableViewController.h; sourceTree = "<group>"; };
		8EB295AE1E81082A00EF936B /* FMYBannersTableViewController.m */ = {isa = PBXFileReference; fileEncoding = 4; lastKnownFileType = sourcecode.c.objc; path = FMYBannersTableViewController.m; sourceTree = "<group>"; };
		8EB295B01E81163E00EF936B /* FMYBannnerView.h */ = {isa = PBXFileReference; fileEncoding = 4; lastKnownFileType = sourcecode.c.h; path = FMYBannnerView.h; sourceTree = "<group>"; };
		8EB295B11E81163E00EF936B /* FMYBannnerView.m */ = {isa = PBXFileReference; fileEncoding = 4; lastKnownFileType = sourcecode.c.objc; path = FMYBannnerView.m; sourceTree = "<group>"; };
		8EB295BB1E8367B900EF936B /* FMYTableListViewController.h */ = {isa = PBXFileReference; fileEncoding = 4; lastKnownFileType = sourcecode.c.h; path = FMYTableListViewController.h; sourceTree = "<group>"; };
		8EB295BC1E8367B900EF936B /* FMYTableListViewController.m */ = {isa = PBXFileReference; fileEncoding = 4; lastKnownFileType = sourcecode.c.objc; path = FMYTableListViewController.m; sourceTree = "<group>"; };
		8EB295BE1E8367F000EF936B /* FMYTableScrollViewController.h */ = {isa = PBXFileReference; fileEncoding = 4; lastKnownFileType = sourcecode.c.h; path = FMYTableScrollViewController.h; sourceTree = "<group>"; };
		8EB295BF1E8367F000EF936B /* FMYTableScrollViewController.m */ = {isa = PBXFileReference; fileEncoding = 4; lastKnownFileType = sourcecode.c.objc; path = FMYTableScrollViewController.m; sourceTree = "<group>"; };
		8EB295D81E8A376400EF936B /* FMYCollectionViewController.h */ = {isa = PBXFileReference; fileEncoding = 4; lastKnownFileType = sourcecode.c.h; path = FMYCollectionViewController.h; sourceTree = "<group>"; };
		8EB295D91E8A376400EF936B /* FMYCollectionViewController.m */ = {isa = PBXFileReference; fileEncoding = 4; lastKnownFileType = sourcecode.c.objc; path = FMYCollectionViewController.m; sourceTree = "<group>"; };
		8EB295DD1E8BA64800EF936B /* NetworkExtension.framework */ = {isa = PBXFileReference; lastKnownFileType = wrapper.framework; name = NetworkExtension.framework; path = System/Library/Frameworks/NetworkExtension.framework; sourceTree = SDKROOT; };
		8EB295DF1E8BA72600EF936B /* SystemConfiguration.framework */ = {isa = PBXFileReference; lastKnownFileType = wrapper.framework; name = SystemConfiguration.framework; path = System/Library/Frameworks/SystemConfiguration.framework; sourceTree = SDKROOT; };
		8EE66C831E8CAD7400E56AFD /* FMYCollectionViewCell.h */ = {isa = PBXFileReference; fileEncoding = 4; lastKnownFileType = sourcecode.c.h; path = FMYCollectionViewCell.h; sourceTree = "<group>"; };
		8EE66C841E8CAD7400E56AFD /* FMYCollectionViewCell.m */ = {isa = PBXFileReference; fileEncoding = 4; lastKnownFileType = sourcecode.c.objc; path = FMYCollectionViewCell.m; sourceTree = "<group>"; };
		8EE66C891E8CE47600E56AFD /* FMYCollectionReusableView.h */ = {isa = PBXFileReference; fileEncoding = 4; lastKnownFileType = sourcecode.c.h; path = FMYCollectionReusableView.h; sourceTree = "<group>"; };
		8EE66C8A1E8CE47600E56AFD /* FMYCollectionReusableView.m */ = {isa = PBXFileReference; fileEncoding = 4; lastKnownFileType = sourcecode.c.objc; path = FMYCollectionReusableView.m; sourceTree = "<group>"; };
		8EE66C901E8F891200E56AFD /* FMYMediaViewController.h */ = {isa = PBXFileReference; fileEncoding = 4; lastKnownFileType = sourcecode.c.h; path = FMYMediaViewController.h; sourceTree = "<group>"; };
		8EE66C911E8F891200E56AFD /* FMYMediaViewController.m */ = {isa = PBXFileReference; fileEncoding = 4; lastKnownFileType = sourcecode.c.objc; path = FMYMediaViewController.m; sourceTree = "<group>"; };
		8EE66C941E8F89D900E56AFD /* FMYAVPlayerViewController.h */ = {isa = PBXFileReference; fileEncoding = 4; lastKnownFileType = sourcecode.c.h; path = FMYAVPlayerViewController.h; sourceTree = "<group>"; };
		8EE66C951E8F89D900E56AFD /* FMYAVPlayerViewController.m */ = {isa = PBXFileReference; fileEncoding = 4; lastKnownFileType = sourcecode.c.objc; path = FMYAVPlayerViewController.m; sourceTree = "<group>"; };
		8EE66C971E8F8BD500E56AFD /* AVFoundation.framework */ = {isa = PBXFileReference; lastKnownFileType = wrapper.framework; name = AVFoundation.framework; path = System/Library/Frameworks/AVFoundation.framework; sourceTree = SDKROOT; };
		8EE66CA41E94CEF800E56AFD /* FMYYSDQViewController.h */ = {isa = PBXFileReference; fileEncoding = 4; lastKnownFileType = sourcecode.c.h; path = FMYYSDQViewController.h; sourceTree = "<group>"; };
		8EE66CA51E94CEF800E56AFD /* FMYYSDQViewController.m */ = {isa = PBXFileReference; fileEncoding = 4; lastKnownFileType = sourcecode.c.objc; path = FMYYSDQViewController.m; sourceTree = "<group>"; };
		8EE66CA81E94CF5100E56AFD /* FMYYSDQDetailViewController.h */ = {isa = PBXFileReference; fileEncoding = 4; lastKnownFileType = sourcecode.c.h; path = FMYYSDQDetailViewController.h; sourceTree = "<group>"; };
		8EE66CA91E94CF5100E56AFD /* FMYYSDQDetailViewController.m */ = {isa = PBXFileReference; fileEncoding = 4; lastKnownFileType = sourcecode.c.objc; path = FMYYSDQDetailViewController.m; sourceTree = "<group>"; };
		8EE66CAB1E94E20800E56AFD /* FMYDetailBarView.h */ = {isa = PBXFileReference; fileEncoding = 4; lastKnownFileType = sourcecode.c.h; path = FMYDetailBarView.h; sourceTree = "<group>"; };
		8EE66CAC1E94E20800E56AFD /* FMYDetailBarView.m */ = {isa = PBXFileReference; fileEncoding = 4; lastKnownFileType = sourcecode.c.objc; path = FMYDetailBarView.m; sourceTree = "<group>"; };
		8EE66CAE1E94E70000E56AFD /* FMYYSDQDetailInfoCell.h */ = {isa = PBXFileReference; fileEncoding = 4; lastKnownFileType = sourcecode.c.h; path = FMYYSDQDetailInfoCell.h; sourceTree = "<group>"; };
		8EE66CAF1E94E70000E56AFD /* FMYYSDQDetailInfoCell.m */ = {isa = PBXFileReference; fileEncoding = 4; lastKnownFileType = sourcecode.c.objc; path = FMYYSDQDetailInfoCell.m; sourceTree = "<group>"; };
		8EE66CB21E95E32100E56AFD /* FMYCoreTextViewController.h */ = {isa = PBXFileReference; fileEncoding = 4; lastKnownFileType = sourcecode.c.h; path = FMYCoreTextViewController.h; sourceTree = "<group>"; };
		8EE66CB31E95E32100E56AFD /* FMYCoreTextViewController.m */ = {isa = PBXFileReference; fileEncoding = 4; lastKnownFileType = sourcecode.c.objc; path = FMYCoreTextViewController.m; sourceTree = "<group>"; };
		8EE66CB51E95E3AC00E56AFD /* FMYCoreTextShowViewController.h */ = {isa = PBXFileReference; fileEncoding = 4; lastKnownFileType = sourcecode.c.h; path = FMYCoreTextShowViewController.h; sourceTree = "<group>"; };
		8EE66CB61E95E3AC00E56AFD /* FMYCoreTextShowViewController.m */ = {isa = PBXFileReference; fileEncoding = 4; lastKnownFileType = sourcecode.c.objc; path = FMYCoreTextShowViewController.m; sourceTree = "<group>"; };
		8EE66CB81E95E41B00E56AFD /* FMYCoreTextView.h */ = {isa = PBXFileReference; fileEncoding = 4; lastKnownFileType = sourcecode.c.h; path = FMYCoreTextView.h; sourceTree = "<group>"; };
		8EE66CB91E95E41B00E56AFD /* FMYCoreTextView.m */ = {isa = PBXFileReference; fileEncoding = 4; lastKnownFileType = sourcecode.c.objc; path = FMYCoreTextView.m; sourceTree = "<group>"; };
		8EE66CBC1E96177800E56AFD /* FMYButton+FMY.h */ = {isa = PBXFileReference; fileEncoding = 4; lastKnownFileType = sourcecode.c.h; path = "FMYButton+FMY.h"; sourceTree = "<group>"; };
		8EE66CBD1E96177800E56AFD /* FMYButton+FMY.m */ = {isa = PBXFileReference; fileEncoding = 4; lastKnownFileType = sourcecode.c.objc; path = "FMYButton+FMY.m"; sourceTree = "<group>"; };
		8EE66CC01E96226C00E56AFD /* ysdqimgIcon.xcassets */ = {isa = PBXFileReference; lastKnownFileType = folder.assetcatalog; path = ysdqimgIcon.xcassets; sourceTree = "<group>"; };
		8EE66CC21E97395D00E56AFD /* FMYDetailSiteDrawer.h */ = {isa = PBXFileReference; fileEncoding = 4; lastKnownFileType = sourcecode.c.h; path = FMYDetailSiteDrawer.h; sourceTree = "<group>"; };
		8EE66CC31E97395D00E56AFD /* FMYDetailSiteDrawer.m */ = {isa = PBXFileReference; fileEncoding = 4; lastKnownFileType = sourcecode.c.objc; path = FMYDetailSiteDrawer.m; sourceTree = "<group>"; };
		8EE66CF71E9C824000E56AFD /* DQDetailEpisodesCollectionViewCell.h */ = {isa = PBXFileReference; fileEncoding = 4; lastKnownFileType = sourcecode.c.h; path = DQDetailEpisodesCollectionViewCell.h; sourceTree = "<group>"; };
		8EE66CF81E9C824000E56AFD /* DQDetailEpisodesCollectionViewCell.m */ = {isa = PBXFileReference; fileEncoding = 4; lastKnownFileType = sourcecode.c.objc; path = DQDetailEpisodesCollectionViewCell.m; sourceTree = "<group>"; };
		8EE66CFA1E9C88D200E56AFD /* DQDetailEpisodesPlatView.h */ = {isa = PBXFileReference; fileEncoding = 4; lastKnownFileType = sourcecode.c.h; path = DQDetailEpisodesPlatView.h; sourceTree = "<group>"; };
		8EE66CFB1E9C88D200E56AFD /* DQDetailEpisodesPlatView.m */ = {isa = PBXFileReference; fileEncoding = 4; lastKnownFileType = sourcecode.c.objc; path = DQDetailEpisodesPlatView.m; sourceTree = "<group>"; };
		8EE66CFD1E9C8A4F00E56AFD /* DQPlatCollectionView.h */ = {isa = PBXFileReference; fileEncoding = 4; lastKnownFileType = sourcecode.c.h; path = DQPlatCollectionView.h; sourceTree = "<group>"; };
		8EE66CFE1E9C8A4F00E56AFD /* DQPlatCollectionView.m */ = {isa = PBXFileReference; fileEncoding = 4; lastKnownFileType = sourcecode.c.objc; path = DQPlatCollectionView.m; sourceTree = "<group>"; };
		8EE66D001E9C978000E56AFD /* DQPlatCollectionViewCell.h */ = {isa = PBXFileReference; fileEncoding = 4; lastKnownFileType = sourcecode.c.h; path = DQPlatCollectionViewCell.h; sourceTree = "<group>"; };
		8EE66D011E9C978000E56AFD /* DQPlatCollectionViewCell.m */ = {isa = PBXFileReference; fileEncoding = 4; lastKnownFileType = sourcecode.c.objc; path = DQPlatCollectionViewCell.m; sourceTree = "<group>"; };
		8EE66D3B1E9E0AD400E56AFD /* DQEpisodesGroupBarView.h */ = {isa = PBXFileReference; fileEncoding = 4; lastKnownFileType = sourcecode.c.h; path = DQEpisodesGroupBarView.h; sourceTree = "<group>"; };
		8EE66D3C1E9E0AD400E56AFD /* DQEpisodesGroupBarView.m */ = {isa = PBXFileReference; fileEncoding = 4; lastKnownFileType = sourcecode.c.objc; path = DQEpisodesGroupBarView.m; sourceTree = "<group>"; };
		8EFE496B1E34B1BE00B2513A /* FMYGirl9.app */ = {isa = PBXFileReference; explicitFileType = wrapper.application; includeInIndex = 0; path = FMYGirl9.app; sourceTree = BUILT_PRODUCTS_DIR; };
		8EFE496F1E34B1BE00B2513A /* main.m */ = {isa = PBXFileReference; lastKnownFileType = sourcecode.c.objc; path = main.m; sourceTree = "<group>"; };
		8EFE49711E34B1BE00B2513A /* AppDelegate.h */ = {isa = PBXFileReference; lastKnownFileType = sourcecode.c.h; path = AppDelegate.h; sourceTree = "<group>"; };
		8EFE49721E34B1BE00B2513A /* AppDelegate.m */ = {isa = PBXFileReference; lastKnownFileType = sourcecode.c.objc; path = AppDelegate.m; sourceTree = "<group>"; };
		8EFE49741E34B1BE00B2513A /* ViewController.h */ = {isa = PBXFileReference; lastKnownFileType = sourcecode.c.h; path = ViewController.h; sourceTree = "<group>"; };
		8EFE49751E34B1BE00B2513A /* ViewController.m */ = {isa = PBXFileReference; lastKnownFileType = sourcecode.c.objc; path = ViewController.m; sourceTree = "<group>"; };
		8EFE49781E34B1BE00B2513A /* Base */ = {isa = PBXFileReference; lastKnownFileType = file.storyboard; name = Base; path = Base.lproj/Main.storyboard; sourceTree = "<group>"; };
		8EFE497A1E34B1BE00B2513A /* Assets.xcassets */ = {isa = PBXFileReference; lastKnownFileType = folder.assetcatalog; path = Assets.xcassets; sourceTree = "<group>"; };
		8EFE497D1E34B1BE00B2513A /* Base */ = {isa = PBXFileReference; lastKnownFileType = file.storyboard; name = Base; path = Base.lproj/LaunchScreen.storyboard; sourceTree = "<group>"; };
		8EFE497F1E34B1BE00B2513A /* Info.plist */ = {isa = PBXFileReference; lastKnownFileType = text.plist.xml; path = Info.plist; sourceTree = "<group>"; };
		8EFE49861E34B20E00B2513A /* FMYObject.h */ = {isa = PBXFileReference; fileEncoding = 4; lastKnownFileType = sourcecode.c.h; path = FMYObject.h; sourceTree = "<group>"; };
		8EFE49871E34B20E00B2513A /* FMYObject.m */ = {isa = PBXFileReference; fileEncoding = 4; lastKnownFileType = sourcecode.c.objc; path = FMYObject.m; sourceTree = "<group>"; };
		8EFE49891E34B22C00B2513A /* FMYViewController.h */ = {isa = PBXFileReference; fileEncoding = 4; lastKnownFileType = sourcecode.c.h; path = FMYViewController.h; sourceTree = "<group>"; };
		8EFE498A1E34B22C00B2513A /* FMYViewController.m */ = {isa = PBXFileReference; fileEncoding = 4; lastKnownFileType = sourcecode.c.objc; path = FMYViewController.m; sourceTree = "<group>"; };
		8EFE498C1E34B23B00B2513A /* FMYTableViewCell.h */ = {isa = PBXFileReference; fileEncoding = 4; lastKnownFileType = sourcecode.c.h; path = FMYTableViewCell.h; sourceTree = "<group>"; };
		8EFE498D1E34B23B00B2513A /* FMYTableViewCell.m */ = {isa = PBXFileReference; fileEncoding = 4; lastKnownFileType = sourcecode.c.objc; path = FMYTableViewCell.m; sourceTree = "<group>"; };
		8EFE498F1E34B25300B2513A /* FMYTableView.h */ = {isa = PBXFileReference; fileEncoding = 4; lastKnownFileType = sourcecode.c.h; path = FMYTableView.h; sourceTree = "<group>"; };
		8EFE49901E34B25300B2513A /* FMYTableView.m */ = {isa = PBXFileReference; fileEncoding = 4; lastKnownFileType = sourcecode.c.objc; path = FMYTableView.m; sourceTree = "<group>"; };
		8EFE49921E34B27000B2513A /* FMYButton.h */ = {isa = PBXFileReference; fileEncoding = 4; lastKnownFileType = sourcecode.c.h; path = FMYButton.h; sourceTree = "<group>"; };
		8EFE49931E34B27000B2513A /* FMYButton.m */ = {isa = PBXFileReference; fileEncoding = 4; lastKnownFileType = sourcecode.c.objc; path = FMYButton.m; sourceTree = "<group>"; };
		8EFE49951E34B27F00B2513A /* FMYLabel.h */ = {isa = PBXFileReference; fileEncoding = 4; lastKnownFileType = sourcecode.c.h; path = FMYLabel.h; sourceTree = "<group>"; };
		8EFE49961E34B27F00B2513A /* FMYLabel.m */ = {isa = PBXFileReference; fileEncoding = 4; lastKnownFileType = sourcecode.c.objc; path = FMYLabel.m; sourceTree = "<group>"; };
		8EFE49991E34B2E400B2513A /* FMYNavigationController.h */ = {isa = PBXFileReference; fileEncoding = 4; lastKnownFileType = sourcecode.c.h; path = FMYNavigationController.h; sourceTree = "<group>"; };
		8EFE499A1E34B2E400B2513A /* FMYNavigationController.m */ = {isa = PBXFileReference; fileEncoding = 4; lastKnownFileType = sourcecode.c.objc; path = FMYNavigationController.m; sourceTree = "<group>"; };
		8EFE499C1E34B2FD00B2513A /* FMYTabBarController.h */ = {isa = PBXFileReference; fileEncoding = 4; lastKnownFileType = sourcecode.c.h; path = FMYTabBarController.h; sourceTree = "<group>"; };
		8EFE499D1E34B2FD00B2513A /* FMYTabBarController.m */ = {isa = PBXFileReference; fileEncoding = 4; lastKnownFileType = sourcecode.c.objc; path = FMYTabBarController.m; sourceTree = "<group>"; };
		8EFE49A31E34B39700B2513A /* FMYTableViewController.h */ = {isa = PBXFileReference; fileEncoding = 4; lastKnownFileType = sourcecode.c.h; path = FMYTableViewController.h; sourceTree = "<group>"; };
		8EFE49A41E34B39700B2513A /* FMYTableViewController.m */ = {isa = PBXFileReference; fileEncoding = 4; lastKnownFileType = sourcecode.c.objc; path = FMYTableViewController.m; sourceTree = "<group>"; };
		8EFE49A91E34B4A300B2513A /* Readme.md */ = {isa = PBXFileReference; fileEncoding = 4; lastKnownFileType = net.daringfireball.markdown; path = Readme.md; sourceTree = "<group>"; };
		8EFE49AD1E34B77700B2513A /* FMYConstantUI.h */ = {isa = PBXFileReference; lastKnownFileType = sourcecode.c.h; path = FMYConstantUI.h; sourceTree = "<group>"; };
		8EFE49AE1E34B7BD00B2513A /* FMYConstantStr.h */ = {isa = PBXFileReference; fileEncoding = 4; lastKnownFileType = sourcecode.c.h; path = FMYConstantStr.h; sourceTree = "<group>"; };
		8EFE49AF1E34B8E800B2513A /* PrefixHeader.pch */ = {isa = PBXFileReference; fileEncoding = 4; lastKnownFileType = sourcecode.c.h; path = PrefixHeader.pch; sourceTree = "<group>"; };
		8EFE49B11E34BA9000B2513A /* UIView+Positioning.h */ = {isa = PBXFileReference; fileEncoding = 4; lastKnownFileType = sourcecode.c.h; path = "UIView+Positioning.h"; sourceTree = "<group>"; };
		8EFE49B21E34BA9000B2513A /* UIView+Positioning.m */ = {isa = PBXFileReference; fileEncoding = 4; lastKnownFileType = sourcecode.c.objc; path = "UIView+Positioning.m"; sourceTree = "<group>"; };
		8EFE49B41E34BAC600B2513A /* UIView+NSLayout.h */ = {isa = PBXFileReference; fileEncoding = 4; lastKnownFileType = sourcecode.c.h; path = "UIView+NSLayout.h"; sourceTree = "<group>"; };
		8EFE49B51E34BAC600B2513A /* UIView+NSLayout.m */ = {isa = PBXFileReference; fileEncoding = 4; lastKnownFileType = sourcecode.c.objc; path = "UIView+NSLayout.m"; sourceTree = "<group>"; };
		8EFE49B71E34BAD000B2513A /* NSString+CN.h */ = {isa = PBXFileReference; fileEncoding = 4; lastKnownFileType = sourcecode.c.h; path = "NSString+CN.h"; sourceTree = "<group>"; };
		8EFE49B81E34BAD000B2513A /* NSString+CN.m */ = {isa = PBXFileReference; fileEncoding = 4; lastKnownFileType = sourcecode.c.objc; path = "NSString+CN.m"; sourceTree = "<group>"; };
		8EFE49BB1E34BB3000B2513A /* FMYPerson.h */ = {isa = PBXFileReference; fileEncoding = 4; lastKnownFileType = sourcecode.c.h; path = FMYPerson.h; sourceTree = "<group>"; };
		8EFE49BC1E34BB3000B2513A /* FMYPerson.m */ = {isa = PBXFileReference; fileEncoding = 4; lastKnownFileType = sourcecode.c.objc; path = FMYPerson.m; sourceTree = "<group>"; };
		8EFE49BE1E34BB9900B2513A /* FMYRuntimTableViewController.h */ = {isa = PBXFileReference; fileEncoding = 4; lastKnownFileType = sourcecode.c.h; path = FMYRuntimTableViewController.h; sourceTree = "<group>"; };
		8EFE49BF1E34BB9900B2513A /* FMYRuntimTableViewController.m */ = {isa = PBXFileReference; fileEncoding = 4; lastKnownFileType = sourcecode.c.objc; path = FMYRuntimTableViewController.m; sourceTree = "<group>"; };
/* End PBXFileReference section */

/* Begin PBXFrameworksBuildPhase section */
		8EFE49681E34B1BE00B2513A /* Frameworks */ = {
			isa = PBXFrameworksBuildPhase;
			buildActionMask = 2147483647;
			files = (
				8EE66C981E8F8BD500E56AFD /* AVFoundation.framework in Frameworks */,
				8EB295E01E8BA72600EF936B /* SystemConfiguration.framework in Frameworks */,
				8EB295DE1E8BA64800EF936B /* NetworkExtension.framework in Frameworks */,
				8E1BC1E71E45B9EA00F868C1 /* libsqlite3.tbd in Frameworks */,
				7E5CDA11A8AF9676363B4859 /* libPods-FMYGirl9.a in Frameworks */,
			);
			runOnlyForDeploymentPostprocessing = 0;
		};
/* End PBXFrameworksBuildPhase section */

/* Begin PBXGroup section */
		65CCCE16853D401B347EB8E7 /* Pods */ = {
			isa = PBXGroup;
			children = (
				19745F210658F5ADC7745726 /* Pods-FMYGirl9.debug.xcconfig */,
				36C004A94CC27E86FCEA362D /* Pods-FMYGirl9.release.xcconfig */,
			);
			name = Pods;
			sourceTree = "<group>";
		};
		8E1BC1D31E45AB4200F868C1 /* DataStrore */ = {
			isa = PBXGroup;
			children = (
				8E1BC1D41E45ABA000F868C1 /* FMYCoreDataViewController.h */,
				8E1BC1D51E45ABA000F868C1 /* FMYCoreDataViewController.m */,
				8E1BC1D71E45ABAD00F868C1 /* FMYSqliteViewController.h */,
				8E1BC1D81E45ABAD00F868C1 /* FMYSqliteViewController.m */,
				8E1BC1DA1E45ABBA00F868C1 /* FMYDataStoreViewController.h */,
				8E1BC1DB1E45ABBA00F868C1 /* FMYDataStoreViewController.m */,
				8E1BC1E31E45B26A00F868C1 /* FMYDBManager.h */,
				8E1BC1E41E45B26A00F868C1 /* FMYDBManager.m */,
			);
			path = DataStrore;
			sourceTree = "<group>";
		};
		8E1BC1DF1E45AE2D00F868C1 /* Utils */ = {
			isa = PBXGroup;
			children = (
				8E1BC1E01E45AEA200F868C1 /* FMYUtils.h */,
				8E1BC1E11E45AEA200F868C1 /* FMYUtils.m */,
			);
			path = Utils;
			sourceTree = "<group>";
		};
		8E1BC1E81E49A56200F868C1 /* BezierView */ = {
			isa = PBXGroup;
			children = (
				8E1BC1EC1E49B1BB00F868C1 /* Control_BezierPath.h */,
				8E1BC1ED1E49B1BB00F868C1 /* Control_BezierPath.m */,
				8E1BC1EE1E49B1BB00F868C1 /* ControlBezierPlat.h */,
				8E1BC1EF1E49B1BB00F868C1 /* ControlBezierPlat.m */,
				8E1BC1E91E49AEF100F868C1 /* FMYBezierViewController.h */,
				8E1BC1EA1E49AEF100F868C1 /* FMYBezierViewController.m */,
			);
			path = BezierView;
			sourceTree = "<group>";
		};
		8E2F0D241E375049000394D8 /* OC_UI */ = {
			isa = PBXGroup;
			children = (
				8EE66CB11E95E2F800E56AFD /* CoreText */,
				8EB295BA1E83675700EF936B /* Tables */,
				8E1BC1E81E49A56200F868C1 /* BezierView */,
				8E2F0D3D1E38B423000394D8 /* WebView */,
				8E2F0D251E3750AB000394D8 /* Layout */,
				8EB295AC1E8107A300EF936B /* Banners */,
				8E2F0D271E3750EA000394D8 /* FMYUITableViewController.m */,
				8E2F0D261E3750EA000394D8 /* FMYUITableViewController.h */,
				8E1BC1F21E49B56500F868C1 /* FMYBottomView.h */,
				8E1BC1F31E49B56600F868C1 /* FMYBottomView.m */,
			);
			path = OC_UI;
			sourceTree = "<group>";
		};
		8E2F0D251E3750AB000394D8 /* Layout */ = {
			isa = PBXGroup;
			children = (
				8E2F0D291E37515A000394D8 /* FMYLayoutConstraintViewController.h */,
				8E2F0D2A1E37515A000394D8 /* FMYLayoutConstraintViewController.m */,
			);
			path = Layout;
			sourceTree = "<group>";
		};
		8E2F0D3D1E38B423000394D8 /* WebView */ = {
			isa = PBXGroup;
			children = (
				8E2F0D411E38B4CE000394D8 /* WeakDelegate.h */,
				8E2F0D421E38B4CE000394D8 /* WeakDelegate.m */,
				8E2F0D3E1E38B49E000394D8 /* FMYMKWebViewController.h */,
				8E2F0D3F1E38B49E000394D8 /* FMYMKWebViewController.m */,
				8E2F0D441E38B66A000394D8 /* FMYUIWebViewController.h */,
				8E2F0D451E38B66A000394D8 /* FMYUIWebViewController.m */,
			);
			path = WebView;
			sourceTree = "<group>";
		};
		8E2F0D481E38B763000394D8 /* Webfiles */ = {
			isa = PBXGroup;
			children = (
				8E2F0D491E38B77F000394D8 /* uiweb.html */,
				8E2F0D4A1E38B77F000394D8 /* mkweb.html */,
			);
			path = Webfiles;
			sourceTree = "<group>";
		};
		8E2F0D4D1E38BA0A000394D8 /* Datasources */ = {
			isa = PBXGroup;
			children = (
				8E2F0D4E1E38BA50000394D8 /* data_xml */,
				8E1BC1F51E49BECE00F868C1 /* fmywplist.plist */,
			);
			path = Datasources;
			sourceTree = "<group>";
		};
		8E8DB9FE1EB1F61C004CBA9C /* Compiler */ = {
			isa = PBXGroup;
			children = (
				8E8DB9FF1EB1F682004CBA9C /* FMYClangllvmViewController.h */,
				8E8DBA001EB1F682004CBA9C /* FMYClangllvmViewController.m */,
				8E8DBA021EB1F86E004CBA9C /* FMYClangLLVMInfoViewController.h */,
				8E8DBA031EB1F86E004CBA9C /* FMYClangLLVMInfoViewController.m */,
			);
			path = Compiler;
			sourceTree = "<group>";
		};
		8EB295AC1E8107A300EF936B /* Banners */ = {
			isa = PBXGroup;
			children = (
				8EB295AD1E81082A00EF936B /* FMYBannersTableViewController.h */,
				8EB295AE1E81082A00EF936B /* FMYBannersTableViewController.m */,
				8EB295B01E81163E00EF936B /* FMYBannnerView.h */,
				8EB295B11E81163E00EF936B /* FMYBannnerView.m */,
			);
			path = Banners;
			sourceTree = "<group>";
		};
		8EB295BA1E83675700EF936B /* Tables */ = {
			isa = PBXGroup;
			children = (
				8EB295BB1E8367B900EF936B /* FMYTableListViewController.h */,
				8EB295BC1E8367B900EF936B /* FMYTableListViewController.m */,
				8EB295BE1E8367F000EF936B /* FMYTableScrollViewController.h */,
				8EB295BF1E8367F000EF936B /* FMYTableScrollViewController.m */,
				8EB295D81E8A376400EF936B /* FMYCollectionViewController.h */,
				8EB295D91E8A376400EF936B /* FMYCollectionViewController.m */,
				8EE66C831E8CAD7400E56AFD /* FMYCollectionViewCell.h */,
				8EE66C841E8CAD7400E56AFD /* FMYCollectionViewCell.m */,
				8EE66C891E8CE47600E56AFD /* FMYCollectionReusableView.h */,
				8EE66C8A1E8CE47600E56AFD /* FMYCollectionReusableView.m */,
			);
			path = Tables;
			sourceTree = "<group>";
		};
		8EE66C8F1E8F88A600E56AFD /* OC_Media */ = {
			isa = PBXGroup;
			children = (
				8EE66C931E8F898F00E56AFD /* AVFoundation */,
				8EE66C901E8F891200E56AFD /* FMYMediaViewController.h */,
				8EE66C911E8F891200E56AFD /* FMYMediaViewController.m */,
			);
			path = OC_Media;
			sourceTree = "<group>";
		};
		8EE66C931E8F898F00E56AFD /* AVFoundation */ = {
			isa = PBXGroup;
			children = (
				8EE66C941E8F89D900E56AFD /* FMYAVPlayerViewController.h */,
				8EE66C951E8F89D900E56AFD /* FMYAVPlayerViewController.m */,
			);
			path = AVFoundation;
			sourceTree = "<group>";
		};
		8EE66CA31E94CEA800E56AFD /* YSDQ_Demo */ = {
			isa = PBXGroup;
			children = (
				8EE66CA71E94CF0700E56AFD /* Detail_module */,
				8EE66CA41E94CEF800E56AFD /* FMYYSDQViewController.h */,
				8EE66CA51E94CEF800E56AFD /* FMYYSDQViewController.m */,
			);
			path = YSDQ_Demo;
			sourceTree = "<group>";
		};
		8EE66CA71E94CF0700E56AFD /* Detail_module */ = {
			isa = PBXGroup;
			children = (
				8EE66CA81E94CF5100E56AFD /* FMYYSDQDetailViewController.h */,
				8EE66CA91E94CF5100E56AFD /* FMYYSDQDetailViewController.m */,
				8EE66CAB1E94E20800E56AFD /* FMYDetailBarView.h */,
				8EE66CAC1E94E20800E56AFD /* FMYDetailBarView.m */,
				8EE66CC21E97395D00E56AFD /* FMYDetailSiteDrawer.h */,
				8EE66CC31E97395D00E56AFD /* FMYDetailSiteDrawer.m */,
				8EE66CAE1E94E70000E56AFD /* FMYYSDQDetailInfoCell.h */,
				8EE66CAF1E94E70000E56AFD /* FMYYSDQDetailInfoCell.m */,
				8EE66CF71E9C824000E56AFD /* DQDetailEpisodesCollectionViewCell.h */,
				8EE66CF81E9C824000E56AFD /* DQDetailEpisodesCollectionViewCell.m */,
				8EE66CFA1E9C88D200E56AFD /* DQDetailEpisodesPlatView.h */,
				8EE66CFB1E9C88D200E56AFD /* DQDetailEpisodesPlatView.m */,
				8EE66CFD1E9C8A4F00E56AFD /* DQPlatCollectionView.h */,
				8EE66CFE1E9C8A4F00E56AFD /* DQPlatCollectionView.m */,
				8EE66D001E9C978000E56AFD /* DQPlatCollectionViewCell.h */,
				8EE66D011E9C978000E56AFD /* DQPlatCollectionViewCell.m */,
				8EE66D3B1E9E0AD400E56AFD /* DQEpisodesGroupBarView.h */,
				8EE66D3C1E9E0AD400E56AFD /* DQEpisodesGroupBarView.m */,
			);
			path = Detail_module;
			sourceTree = "<group>";
		};
		8EE66CB11E95E2F800E56AFD /* CoreText */ = {
			isa = PBXGroup;
			children = (
				8EE66CB21E95E32100E56AFD /* FMYCoreTextViewController.h */,
				8EE66CB31E95E32100E56AFD /* FMYCoreTextViewController.m */,
				8EE66CB51E95E3AC00E56AFD /* FMYCoreTextShowViewController.h */,
				8EE66CB61E95E3AC00E56AFD /* FMYCoreTextShowViewController.m */,
				8EE66CB81E95E41B00E56AFD /* FMYCoreTextView.h */,
				8EE66CB91E95E41B00E56AFD /* FMYCoreTextView.m */,
			);
			path = CoreText;
			sourceTree = "<group>";
		};
		8EE66CBB1E96173300E56AFD /* Categorys */ = {
			isa = PBXGroup;
			children = (
				8EE66CBC1E96177800E56AFD /* FMYButton+FMY.h */,
				8EE66CBD1E96177800E56AFD /* FMYButton+FMY.m */,
			);
			path = Categorys;
			sourceTree = "<group>";
		};
		8EFE49621E34B1BE00B2513A = {
			isa = PBXGroup;
			children = (
				8EFE496D1E34B1BE00B2513A /* FMYGirl9 */,
				8EFE496C1E34B1BE00B2513A /* Products */,
				65CCCE16853D401B347EB8E7 /* Pods */,
				A75A1D07BC7E1A730F48B3DD /* Frameworks */,
			);
			sourceTree = "<group>";
		};
		8EFE496C1E34B1BE00B2513A /* Products */ = {
			isa = PBXGroup;
			children = (
				8EFE496B1E34B1BE00B2513A /* FMYGirl9.app */,
			);
			name = Products;
			sourceTree = "<group>";
		};
		8EFE496D1E34B1BE00B2513A /* FMYGirl9 */ = {
			isa = PBXGroup;
			children = (
				8EE66CBB1E96173300E56AFD /* Categorys */,
				8E1BC1DF1E45AE2D00F868C1 /* Utils */,
				8EFE49AC1E34B6F600B2513A /* Constants */,
				8EFE49A71E34B45E00B2513A /* Scources */,
				8EFE49981E34B2A700B2513A /* Functions */,
				8EFE49851E34B1D000B2513A /* RootFiles */,
				8EFE49711E34B1BE00B2513A /* AppDelegate.h */,
				8EFE49721E34B1BE00B2513A /* AppDelegate.m */,
				8EFE49741E34B1BE00B2513A /* ViewController.h */,
				8EFE49751E34B1BE00B2513A /* ViewController.m */,
				8EFE49771E34B1BE00B2513A /* Main.storyboard */,
				8EFE497A1E34B1BE00B2513A /* Assets.xcassets */,
				8EFE497C1E34B1BE00B2513A /* LaunchScreen.storyboard */,
				8EFE497F1E34B1BE00B2513A /* Info.plist */,
				8EFE496E1E34B1BE00B2513A /* Supporting Files */,
			);
			path = FMYGirl9;
			sourceTree = "<group>";
		};
		8EFE496E1E34B1BE00B2513A /* Supporting Files */ = {
			isa = PBXGroup;
			children = (
				8EFE496F1E34B1BE00B2513A /* main.m */,
			);
			name = "Supporting Files";
			sourceTree = "<group>";
		};
		8EFE49851E34B1D000B2513A /* RootFiles */ = {
			isa = PBXGroup;
			children = (
				8EFE49B01E34BA6A00B2513A /* Categories */,
				8EFE49861E34B20E00B2513A /* FMYObject.h */,
				8EFE49871E34B20E00B2513A /* FMYObject.m */,
				8EFE49891E34B22C00B2513A /* FMYViewController.h */,
				8EFE498A1E34B22C00B2513A /* FMYViewController.m */,
				8EFE49A31E34B39700B2513A /* FMYTableViewController.h */,
				8EFE49A41E34B39700B2513A /* FMYTableViewController.m */,
				8EFE49991E34B2E400B2513A /* FMYNavigationController.h */,
				8EFE499A1E34B2E400B2513A /* FMYNavigationController.m */,
				8EFE499C1E34B2FD00B2513A /* FMYTabBarController.h */,
				8EFE499D1E34B2FD00B2513A /* FMYTabBarController.m */,
				8EFE498C1E34B23B00B2513A /* FMYTableViewCell.h */,
				8EFE498D1E34B23B00B2513A /* FMYTableViewCell.m */,
				8EFE498F1E34B25300B2513A /* FMYTableView.h */,
				8EFE49901E34B25300B2513A /* FMYTableView.m */,
				8EFE49921E34B27000B2513A /* FMYButton.h */,
				8EFE49931E34B27000B2513A /* FMYButton.m */,
				8EFE49951E34B27F00B2513A /* FMYLabel.h */,
				8EFE49961E34B27F00B2513A /* FMYLabel.m */,
			);
			path = RootFiles;
			sourceTree = "<group>";
		};
		8EFE49981E34B2A700B2513A /* Functions */ = {
			isa = PBXGroup;
			children = (
				8EE66CA31E94CEA800E56AFD /* YSDQ_Demo */,
				8EE66C8F1E8F88A600E56AFD /* OC_Media */,
				8E2F0D241E375049000394D8 /* OC_UI */,
				8EFE499F1E34B32700B2513A /* OC_base */,
			);
			path = Functions;
			sourceTree = "<group>";
		};
		8EFE499F1E34B32700B2513A /* OC_base */ = {
			isa = PBXGroup;
			children = (
				8E8DB9FE1EB1F61C004CBA9C /* Compiler */,
				8E1BC1D31E45AB4200F868C1 /* DataStrore */,
				8EFE49BA1E34BB0700B2513A /* Runtime */,
				8E1BC1D01E45AA0100F868C1 /* FMYOCBaseViewController.h */,
				8E1BC1D11E45AA0100F868C1 /* FMYOCBaseViewController.m */,
			);
			path = OC_base;
			sourceTree = "<group>";
		};
		8EFE49A71E34B45E00B2513A /* Scources */ = {
			isa = PBXGroup;
			children = (
				8E2F0D4D1E38BA0A000394D8 /* Datasources */,
				8E2F0D481E38B763000394D8 /* Webfiles */,
				8EFE49AB1E34B4E400B2513A /* Images */,
				8EFE49A81E34B47800B2513A /* Documents */,
			);
			path = Scources;
			sourceTree = "<group>";
		};
		8EFE49A81E34B47800B2513A /* Documents */ = {
			isa = PBXGroup;
			children = (
				8EFE49A91E34B4A300B2513A /* Readme.md */,
				8E2F0D221E37292C000394D8 /* runtime.md */,
				8E2F0D2C1E37634B000394D8 /* uiabout.md */,
				8E1BC1DD1E45AD3500F868C1 /* dataStore.md */,
			);
			path = Documents;
			sourceTree = "<group>";
		};
		8EFE49AB1E34B4E400B2513A /* Images */ = {
			isa = PBXGroup;
			children = (
				8EE66CC01E96226C00E56AFD /* ysdqimgIcon.xcassets */,
			);
			path = Images;
			sourceTree = "<group>";
		};
		8EFE49AC1E34B6F600B2513A /* Constants */ = {
			isa = PBXGroup;
			children = (
				8EFE49AD1E34B77700B2513A /* FMYConstantUI.h */,
				8EFE49AE1E34B7BD00B2513A /* FMYConstantStr.h */,
				8EFE49AF1E34B8E800B2513A /* PrefixHeader.pch */,
			);
			path = Constants;
			sourceTree = "<group>";
		};
		8EFE49B01E34BA6A00B2513A /* Categories */ = {
			isa = PBXGroup;
			children = (
				8EFE49B71E34BAD000B2513A /* NSString+CN.h */,
				8EFE49B81E34BAD000B2513A /* NSString+CN.m */,
				8EFE49B41E34BAC600B2513A /* UIView+NSLayout.h */,
				8EFE49B51E34BAC600B2513A /* UIView+NSLayout.m */,
				8EFE49B11E34BA9000B2513A /* UIView+Positioning.h */,
				8EFE49B21E34BA9000B2513A /* UIView+Positioning.m */,
				8E2F0D1F1E36FA9B000394D8 /* NSObject+FMY.h */,
				8E2F0D201E36FA9B000394D8 /* NSObject+FMY.m */,
			);
			path = Categories;
			sourceTree = "<group>";
		};
		8EFE49BA1E34BB0700B2513A /* Runtime */ = {
			isa = PBXGroup;
			children = (
				8E2F0D341E3899CA000394D8 /* FMYMovie.h */,
				8E2F0D351E3899CA000394D8 /* FMYMovie.m */,
				8EFE49BB1E34BB3000B2513A /* FMYPerson.h */,
				8EFE49BC1E34BB3000B2513A /* FMYPerson.m */,
				8E2F0D191E35DE14000394D8 /* FMYChinese.h */,
				8E2F0D1A1E35DE14000394D8 /* FMYChinese.m */,
				8E2F0D3A1E389E4F000394D8 /* FMYChinese+Lishanyin.h */,
				8E2F0D3B1E389E4F000394D8 /* FMYChinese+Lishanyin.m */,
				8EFE49BE1E34BB9900B2513A /* FMYRuntimTableViewController.h */,
				8EFE49BF1E34BB9900B2513A /* FMYRuntimTableViewController.m */,
				8E2F0D161E35D63A000394D8 /* FMYRuntimePropertiesViewController.h */,
				8E2F0D171E35D63A000394D8 /* FMYRuntimePropertiesViewController.m */,
				8E2F0D2E1E384A1E000394D8 /* FMYRuntimeMsgSendViewController.h */,
				8E2F0D2F1E384A1E000394D8 /* FMYRuntimeMsgSendViewController.m */,
				8E2F0D311E38861B000394D8 /* FMYRuntimeNormalCaseViewController.h */,
				8E2F0D321E38861B000394D8 /* FMYRuntimeNormalCaseViewController.m */,
			);
			path = Runtime;
			sourceTree = "<group>";
		};
		A75A1D07BC7E1A730F48B3DD /* Frameworks */ = {
			isa = PBXGroup;
			children = (
				8EE66C971E8F8BD500E56AFD /* AVFoundation.framework */,
				8EB295DF1E8BA72600EF936B /* SystemConfiguration.framework */,
				8EB295DD1E8BA64800EF936B /* NetworkExtension.framework */,
				8E1BC1E61E45B9EA00F868C1 /* libsqlite3.tbd */,
				5CB314E124DF2D6E3EB94C6B /* libPods-FMYGirl9.a */,
			);
			name = Frameworks;
			sourceTree = "<group>";
		};
/* End PBXGroup section */

/* Begin PBXNativeTarget section */
		8EFE496A1E34B1BE00B2513A /* FMYGirl9 */ = {
			isa = PBXNativeTarget;
			buildConfigurationList = 8EFE49821E34B1BE00B2513A /* Build configuration list for PBXNativeTarget "FMYGirl9" */;
			buildPhases = (
				1D765DDE0F401502B6399E1B /* [CP] Check Pods Manifest.lock */,
				8EFE49671E34B1BE00B2513A /* Sources */,
				8EFE49681E34B1BE00B2513A /* Frameworks */,
				8EFE49691E34B1BE00B2513A /* Resources */,
				FE58DA7AF9072FDD55DC818B /* [CP] Embed Pods Frameworks */,
				88E516D9B9B276B62963A671 /* [CP] Copy Pods Resources */,
			);
			buildRules = (
			);
			dependencies = (
			);
			name = FMYGirl9;
			productName = FMYGirl9;
			productReference = 8EFE496B1E34B1BE00B2513A /* FMYGirl9.app */;
			productType = "com.apple.product-type.application";
		};
/* End PBXNativeTarget section */

/* Begin PBXProject section */
		8EFE49631E34B1BE00B2513A /* Project object */ = {
			isa = PBXProject;
			attributes = {
				CLASSPREFIX = FMY;
				LastUpgradeCheck = 0820;
				ORGANIZATIONNAME = fmy.long;
				TargetAttributes = {
					8EFE496A1E34B1BE00B2513A = {
						CreatedOnToolsVersion = 8.2.1;
						ProvisioningStyle = Automatic;
					};
				};
			};
			buildConfigurationList = 8EFE49661E34B1BE00B2513A /* Build configuration list for PBXProject "FMYGirl9" */;
			compatibilityVersion = "Xcode 3.2";
			developmentRegion = English;
			hasScannedForEncodings = 0;
			knownRegions = (
				en,
				Base,
			);
			mainGroup = 8EFE49621E34B1BE00B2513A;
			productRefGroup = 8EFE496C1E34B1BE00B2513A /* Products */;
			projectDirPath = "";
			projectRoot = "";
			targets = (
				8EFE496A1E34B1BE00B2513A /* FMYGirl9 */,
			);
		};
/* End PBXProject section */

/* Begin PBXResourcesBuildPhase section */
		8EFE49691E34B1BE00B2513A /* Resources */ = {
			isa = PBXResourcesBuildPhase;
			buildActionMask = 2147483647;
			files = (
				8E2F0D4F1E38BA50000394D8 /* data_xml in Resources */,
				8EFE497E1E34B1BE00B2513A /* LaunchScreen.storyboard in Resources */,
				8E2F0D4B1E38B77F000394D8 /* uiweb.html in Resources */,
				8E2F0D4C1E38B77F000394D8 /* mkweb.html in Resources */,
				8EFE497B1E34B1BE00B2513A /* Assets.xcassets in Resources */,
				8E1BC1F61E49BECE00F868C1 /* fmywplist.plist in Resources */,
				8EFE49791E34B1BE00B2513A /* Main.storyboard in Resources */,
				8EE66CC11E96226C00E56AFD /* ysdqimgIcon.xcassets in Resources */,
			);
			runOnlyForDeploymentPostprocessing = 0;
		};
/* End PBXResourcesBuildPhase section */

/* Begin PBXShellScriptBuildPhase section */
		1D765DDE0F401502B6399E1B /* [CP] Check Pods Manifest.lock */ = {
			isa = PBXShellScriptBuildPhase;
			buildActionMask = 2147483647;
			files = (
			);
			inputPaths = (
			);
			name = "[CP] Check Pods Manifest.lock";
			outputPaths = (
			);
			runOnlyForDeploymentPostprocessing = 0;
			shellPath = /bin/sh;
			shellScript = "diff \"${PODS_ROOT}/../Podfile.lock\" \"${PODS_ROOT}/Manifest.lock\" > /dev/null\nif [ $? != 0 ] ; then\n    # print error to STDERR\n    echo \"error: The sandbox is not in sync with the Podfile.lock. Run 'pod install' or update your CocoaPods installation.\" >&2\n    exit 1\nfi\n";
			showEnvVarsInLog = 0;
		};
		88E516D9B9B276B62963A671 /* [CP] Copy Pods Resources */ = {
			isa = PBXShellScriptBuildPhase;
			buildActionMask = 2147483647;
			files = (
			);
			inputPaths = (
			);
			name = "[CP] Copy Pods Resources";
			outputPaths = (
			);
			runOnlyForDeploymentPostprocessing = 0;
			shellPath = /bin/sh;
			shellScript = "\"${SRCROOT}/Pods/Target Support Files/Pods-FMYGirl9/Pods-FMYGirl9-resources.sh\"\n";
			showEnvVarsInLog = 0;
		};
		FE58DA7AF9072FDD55DC818B /* [CP] Embed Pods Frameworks */ = {
			isa = PBXShellScriptBuildPhase;
			buildActionMask = 2147483647;
			files = (
			);
			inputPaths = (
			);
			name = "[CP] Embed Pods Frameworks";
			outputPaths = (
			);
			runOnlyForDeploymentPostprocessing = 0;
			shellPath = /bin/sh;
			shellScript = "\"${SRCROOT}/Pods/Target Support Files/Pods-FMYGirl9/Pods-FMYGirl9-frameworks.sh\"\n";
			showEnvVarsInLog = 0;
		};
/* End PBXShellScriptBuildPhase section */

/* Begin PBXSourcesBuildPhase section */
		8EFE49671E34B1BE00B2513A /* Sources */ = {
			isa = PBXSourcesBuildPhase;
			buildActionMask = 2147483647;
			files = (
				8E1BC1EB1E49AEF100F868C1 /* FMYBezierViewController.m in Sources */,
				8E2F0D211E36FA9B000394D8 /* NSObject+FMY.m in Sources */,
				8EFE49BD1E34BB3000B2513A /* FMYPerson.m in Sources */,
				8EFE49761E34B1BE00B2513A /* ViewController.m in Sources */,
				8EE66C921E8F891200E56AFD /* FMYMediaViewController.m in Sources */,
				8EFE498B1E34B22C00B2513A /* FMYViewController.m in Sources */,
				8E2F0D281E3750EA000394D8 /* FMYUITableViewController.m in Sources */,
				8EFE49C01E34BB9900B2513A /* FMYRuntimTableViewController.m in Sources */,
				8EFE49B31E34BA9000B2513A /* UIView+Positioning.m in Sources */,
				8EFE49A51E34B39700B2513A /* FMYTableViewController.m in Sources */,
				8EFE49B61E34BAC600B2513A /* UIView+NSLayout.m in Sources */,
				8E1BC1DC1E45ABBA00F868C1 /* FMYDataStoreViewController.m in Sources */,
				8EFE49911E34B25300B2513A /* FMYTableView.m in Sources */,
				8EFE49971E34B27F00B2513A /* FMYLabel.m in Sources */,
				8EFE499B1E34B2E400B2513A /* FMYNavigationController.m in Sources */,
				8EB295AF1E81082A00EF936B /* FMYBannersTableViewController.m in Sources */,
				8EB295DA1E8A376400EF936B /* FMYCollectionViewController.m in Sources */,
				8EB295C01E8367F000EF936B /* FMYTableScrollViewController.m in Sources */,
				8E2F0D401E38B49E000394D8 /* FMYMKWebViewController.m in Sources */,
				8E1BC1E21E45AEA200F868C1 /* FMYUtils.m in Sources */,
				8EE66CFC1E9C88D200E56AFD /* DQDetailEpisodesPlatView.m in Sources */,
				8EB295B21E81163E00EF936B /* FMYBannnerView.m in Sources */,
				8EE66C961E8F89D900E56AFD /* FMYAVPlayerViewController.m in Sources */,
				8E2F0D431E38B4CE000394D8 /* WeakDelegate.m in Sources */,
				8EE66D021E9C978000E56AFD /* DQPlatCollectionViewCell.m in Sources */,
				8EE66CAA1E94CF5100E56AFD /* FMYYSDQDetailViewController.m in Sources */,
				8E2F0D2B1E37515A000394D8 /* FMYLayoutConstraintViewController.m in Sources */,
				8E2F0D1B1E35DE14000394D8 /* FMYChinese.m in Sources */,
				8E1BC1E51E45B26A00F868C1 /* FMYDBManager.m in Sources */,
				8E2F0D2D1E37634B000394D8 /* uiabout.md in Sources */,
				8E1BC1F11E49B1BB00F868C1 /* ControlBezierPlat.m in Sources */,
				8E1BC1D21E45AA0100F868C1 /* FMYOCBaseViewController.m in Sources */,
				8EE66CA61E94CEF800E56AFD /* FMYYSDQViewController.m in Sources */,
				8E2F0D331E38861B000394D8 /* FMYRuntimeNormalCaseViewController.m in Sources */,
				8EE66CB71E95E3AC00E56AFD /* FMYCoreTextShowViewController.m in Sources */,
				8EFE498E1E34B23B00B2513A /* FMYTableViewCell.m in Sources */,
				8E8DBA041EB1F86E004CBA9C /* FMYClangLLVMInfoViewController.m in Sources */,
				8EFE49AA1E34B4A300B2513A /* Readme.md in Sources */,
				8EFE49881E34B20E00B2513A /* FMYObject.m in Sources */,
				8E2F0D231E37292C000394D8 /* runtime.md in Sources */,
				8EFE499E1E34B2FD00B2513A /* FMYTabBarController.m in Sources */,
				8EE66CB41E95E32100E56AFD /* FMYCoreTextViewController.m in Sources */,
				8EE66C851E8CAD7400E56AFD /* FMYCollectionViewCell.m in Sources */,
				8E8DBA011EB1F682004CBA9C /* FMYClangllvmViewController.m in Sources */,
				8E2F0D361E3899CA000394D8 /* FMYMovie.m in Sources */,
				8EFE49B91E34BAD000B2513A /* NSString+CN.m in Sources */,
				8EE66C8B1E8CE47600E56AFD /* FMYCollectionReusableView.m in Sources */,
				8E1BC1F41E49B56600F868C1 /* FMYBottomView.m in Sources */,
				8EFE49731E34B1BE00B2513A /* AppDelegate.m in Sources */,
				8EE66CBE1E96177800E56AFD /* FMYButton+FMY.m in Sources */,
				8E1BC1D91E45ABAD00F868C1 /* FMYSqliteViewController.m in Sources */,
				8EE66CC41E97395D00E56AFD /* FMYDetailSiteDrawer.m in Sources */,
				8E2F0D461E38B66A000394D8 /* FMYUIWebViewController.m in Sources */,
				8EE66D3D1E9E0AD500E56AFD /* DQEpisodesGroupBarView.m in Sources */,
				8E1BC1F01E49B1BB00F868C1 /* Control_BezierPath.m in Sources */,
				8EE66CB01E94E70000E56AFD /* FMYYSDQDetailInfoCell.m in Sources */,
				8EE66CBA1E95E41B00E56AFD /* FMYCoreTextView.m in Sources */,
				8EB295BD1E8367B900EF936B /* FMYTableListViewController.m in Sources */,
				8E1BC1D61E45ABA000F868C1 /* FMYCoreDataViewController.m in Sources */,
				8E2F0D301E384A1F000394D8 /* FMYRuntimeMsgSendViewController.m in Sources */,
				8EE66CAD1E94E20800E56AFD /* FMYDetailBarView.m in Sources */,
				8EFE49941E34B27000B2513A /* FMYButton.m in Sources */,
				8E1BC1DE1E45AD3500F868C1 /* dataStore.md in Sources */,
				8EFE49701E34B1BE00B2513A /* main.m in Sources */,
				8E2F0D3C1E389E4F000394D8 /* FMYChinese+Lishanyin.m in Sources */,
				8EE66CF91E9C824000E56AFD /* DQDetailEpisodesCollectionViewCell.m in Sources */,
				8EE66CFF1E9C8A4F00E56AFD /* DQPlatCollectionView.m in Sources */,
				8E2F0D181E35D63A000394D8 /* FMYRuntimePropertiesViewController.m in Sources */,
			);
			runOnlyForDeploymentPostprocessing = 0;
		};
/* End PBXSourcesBuildPhase section */

/* Begin PBXVariantGroup section */
		8EFE49771E34B1BE00B2513A /* Main.storyboard */ = {
			isa = PBXVariantGroup;
			children = (
				8EFE49781E34B1BE00B2513A /* Base */,
			);
			name = Main.storyboard;
			sourceTree = "<group>";
		};
		8EFE497C1E34B1BE00B2513A /* LaunchScreen.storyboard */ = {
			isa = PBXVariantGroup;
			children = (
				8EFE497D1E34B1BE00B2513A /* Base */,
			);
			name = LaunchScreen.storyboard;
			sourceTree = "<group>";
		};
/* End PBXVariantGroup section */

/* Begin XCBuildConfiguration section */
		8EFE49801E34B1BE00B2513A /* Debug */ = {
			isa = XCBuildConfiguration;
			buildSettings = {
				ALWAYS_SEARCH_USER_PATHS = NO;
				CLANG_ANALYZER_NONNULL = YES;
				CLANG_CXX_LANGUAGE_STANDARD = "gnu++0x";
				CLANG_CXX_LIBRARY = "libc++";
				CLANG_ENABLE_MODULES = YES;
				CLANG_ENABLE_OBJC_ARC = YES;
				CLANG_WARN_BOOL_CONVERSION = YES;
				CLANG_WARN_CONSTANT_CONVERSION = YES;
				CLANG_WARN_DIRECT_OBJC_ISA_USAGE = YES_ERROR;
				CLANG_WARN_DOCUMENTATION_COMMENTS = YES;
				CLANG_WARN_EMPTY_BODY = YES;
				CLANG_WARN_ENUM_CONVERSION = YES;
				CLANG_WARN_INFINITE_RECURSION = YES;
				CLANG_WARN_INT_CONVERSION = YES;
				CLANG_WARN_OBJC_ROOT_CLASS = YES_ERROR;
				CLANG_WARN_SUSPICIOUS_MOVE = YES;
				CLANG_WARN_UNREACHABLE_CODE = YES;
				CLANG_WARN__DUPLICATE_METHOD_MATCH = YES;
				"CODE_SIGN_IDENTITY[sdk=iphoneos*]" = "iPhone Developer";
				COPY_PHASE_STRIP = NO;
				DEBUG_INFORMATION_FORMAT = dwarf;
				ENABLE_STRICT_OBJC_MSGSEND = YES;
				ENABLE_TESTABILITY = YES;
				GCC_C_LANGUAGE_STANDARD = gnu99;
				GCC_DYNAMIC_NO_PIC = NO;
				GCC_NO_COMMON_BLOCKS = YES;
				GCC_OPTIMIZATION_LEVEL = 0;
				GCC_PREPROCESSOR_DEFINITIONS = (
					"DEBUG=1",
					"$(inherited)",
				);
				GCC_WARN_64_TO_32_BIT_CONVERSION = YES;
				GCC_WARN_ABOUT_RETURN_TYPE = YES_ERROR;
				GCC_WARN_UNDECLARED_SELECTOR = YES;
				GCC_WARN_UNINITIALIZED_AUTOS = YES_AGGRESSIVE;
				GCC_WARN_UNUSED_FUNCTION = YES;
				GCC_WARN_UNUSED_VARIABLE = YES;
				IPHONEOS_DEPLOYMENT_TARGET = 10.2;
				MTL_ENABLE_DEBUG_INFO = YES;
				ONLY_ACTIVE_ARCH = YES;
				SDKROOT = iphoneos;
				TARGETED_DEVICE_FAMILY = "1,2";
			};
			name = Debug;
		};
		8EFE49811E34B1BE00B2513A /* Release */ = {
			isa = XCBuildConfiguration;
			buildSettings = {
				ALWAYS_SEARCH_USER_PATHS = NO;
				CLANG_ANALYZER_NONNULL = YES;
				CLANG_CXX_LANGUAGE_STANDARD = "gnu++0x";
				CLANG_CXX_LIBRARY = "libc++";
				CLANG_ENABLE_MODULES = YES;
				CLANG_ENABLE_OBJC_ARC = YES;
				CLANG_WARN_BOOL_CONVERSION = YES;
				CLANG_WARN_CONSTANT_CONVERSION = YES;
				CLANG_WARN_DIRECT_OBJC_ISA_USAGE = YES_ERROR;
				CLANG_WARN_DOCUMENTATION_COMMENTS = YES;
				CLANG_WARN_EMPTY_BODY = YES;
				CLANG_WARN_ENUM_CONVERSION = YES;
				CLANG_WARN_INFINITE_RECURSION = YES;
				CLANG_WARN_INT_CONVERSION = YES;
				CLANG_WARN_OBJC_ROOT_CLASS = YES_ERROR;
				CLANG_WARN_SUSPICIOUS_MOVE = YES;
				CLANG_WARN_UNREACHABLE_CODE = YES;
				CLANG_WARN__DUPLICATE_METHOD_MATCH = YES;
				"CODE_SIGN_IDENTITY[sdk=iphoneos*]" = "iPhone Developer";
				COPY_PHASE_STRIP = NO;
				DEBUG_INFORMATION_FORMAT = "dwarf-with-dsym";
				ENABLE_NS_ASSERTIONS = NO;
				ENABLE_STRICT_OBJC_MSGSEND = YES;
				GCC_C_LANGUAGE_STANDARD = gnu99;
				GCC_NO_COMMON_BLOCKS = YES;
				GCC_WARN_64_TO_32_BIT_CONVERSION = YES;
				GCC_WARN_ABOUT_RETURN_TYPE = YES_ERROR;
				GCC_WARN_UNDECLARED_SELECTOR = YES;
				GCC_WARN_UNINITIALIZED_AUTOS = YES_AGGRESSIVE;
				GCC_WARN_UNUSED_FUNCTION = YES;
				GCC_WARN_UNUSED_VARIABLE = YES;
				IPHONEOS_DEPLOYMENT_TARGET = 10.2;
				MTL_ENABLE_DEBUG_INFO = NO;
				SDKROOT = iphoneos;
				TARGETED_DEVICE_FAMILY = "1,2";
				VALIDATE_PRODUCT = YES;
			};
			name = Release;
		};
		8EFE49831E34B1BE00B2513A /* Debug */ = {
			isa = XCBuildConfiguration;
			baseConfigurationReference = 19745F210658F5ADC7745726 /* Pods-FMYGirl9.debug.xcconfig */;
			buildSettings = {
				ASSETCATALOG_COMPILER_APPICON_NAME = AppIcon;
				GCC_PREFIX_HEADER = "$(SRCROOT)/FMYGirl9/Constants/PrefixHeader.pch";
				INFOPLIST_FILE = FMYGirl9/Info.plist;
				LD_RUNPATH_SEARCH_PATHS = "$(inherited) @executable_path/Frameworks";
				PRODUCT_BUNDLE_IDENTIFIER = fmy.long.FMYGirl9;
				PRODUCT_NAME = "$(TARGET_NAME)";
			};
			name = Debug;
		};
		8EFE49841E34B1BE00B2513A /* Release */ = {
			isa = XCBuildConfiguration;
			baseConfigurationReference = 36C004A94CC27E86FCEA362D /* Pods-FMYGirl9.release.xcconfig */;
			buildSettings = {
				ASSETCATALOG_COMPILER_APPICON_NAME = AppIcon;
				GCC_PREFIX_HEADER = "$(SRCROOT)/FMYGirl9/Constants/PrefixHeader.pch";
				INFOPLIST_FILE = FMYGirl9/Info.plist;
				LD_RUNPATH_SEARCH_PATHS = "$(inherited) @executable_path/Frameworks";
				PRODUCT_BUNDLE_IDENTIFIER = fmy.long.FMYGirl9;
				PRODUCT_NAME = "$(TARGET_NAME)";
			};
			name = Release;
		};
/* End XCBuildConfiguration section */

/* Begin XCConfigurationList section */
		8EFE49661E34B1BE00B2513A /* Build configuration list for PBXProject "FMYGirl9" */ = {
			isa = XCConfigurationList;
			buildConfigurations = (
				8EFE49801E34B1BE00B2513A /* Debug */,
				8EFE49811E34B1BE00B2513A /* Release */,
			);
			defaultConfigurationIsVisible = 0;
			defaultConfigurationName = Release;
		};
		8EFE49821E34B1BE00B2513A /* Build configuration list for PBXNativeTarget "FMYGirl9" */ = {
			isa = XCConfigurationList;
			buildConfigurations = (
				8EFE49831E34B1BE00B2513A /* Debug */,
				8EFE49841E34B1BE00B2513A /* Release */,
			);
			defaultConfigurationIsVisible = 0;
			defaultConfigurationName = Release;
		};
/* End XCConfigurationList section */
	};
	rootObject = 8EFE49631E34B1BE00B2513A /* Project object */;
}
